{
  "name": "@stuyk/altv-config",
  "version": "3.0.1",
  "lockfileVersion": 2,
  "requires": true,
  "packages": {
    "": {
      "name": "@stuyk/altv-config",
      "version": "3.0.1",
      "license": "GNUv3",
      "dependencies": {
        "json2toml": "^4.0.0"
      },
      "bin": {
        "altv-config": "src/index.js"
      }
    },
    "node_modules/json2toml": {
      "version": "4.0.0",
      "resolved": "https://registry.npmjs.org/json2toml/-/json2toml-4.0.0.tgz",
      "integrity": "sha512-L6QT9b2dsiS8xmW2u/iAr1dg9Ku6HpCF8NY0DyRXZdyxUU+CMOhrT4UzrUKV97gQSLz5ryrmuoxEhqd2MOyOLA==",
      "dependencies": {
        "lodash.isdate": "^4.0.1",
        "lodash.isempty": "^4.4.0",
        "lodash.isplainobject": "^4.0.6",
        "strftime": "^0.10.1"
      },
      "engines": {
        "node": "14 || 16 || >=18"
      }
    },
    "node_modules/lodash.isdate": {
      "version": "4.0.1",
      "resolved": "https://registry.npmjs.org/lodash.isdate/-/lodash.isdate-4.0.1.tgz",
      "integrity": "sha512-hg5B1GD+R9egsBgMwmAhk+V53Us03TVvXT4dnyKugEfsD4QKuG9Wlyvxq8OGy2nu7qVGsh4DRSnMk33hoWBq/Q=="
    },
    "node_modules/lodash.isempty": {
      "version": "4.4.0",
      "resolved": "https://registry.npmjs.org/lodash.isempty/-/lodash.isempty-4.4.0.tgz",
      "integrity": "sha512-oKMuF3xEeqDltrGMfDxAPGIVMSSRv8tbRSODbrs4KGsRRLEhrW8N8Rd4DRgB2+621hY8A8XwwrTVhXWpxFvMzg=="
    },
    "node_modules/lodash.isplainobject": {
      "version": "4.0.6",
      "resolved": "https://registry.npmjs.org/lodash.isplainobject/-/lodash.isplainobject-4.0.6.tgz",
      "integrity": "sha512-oSXzaWypCMHkPC3NvBEaPHf0KsA5mvPrOPgQWDsbg8n7orZ290M0BmC/jgRZ4vcJ6DTAhjrsSYgdsW/F+MFOBA=="
    },
    "node_modules/strftime": {
      "version": "0.10.1",
      "resolved": "https://registry.npmjs.org/strftime/-/strftime-0.10.1.tgz",
      "integrity": "sha512-nVvH6JG8KlXFPC0f8lojLgEsPA18lRpLZ+RrJh/NkQV2tqOgZfbas8gcU8SFgnnqR3rWzZPYu6N2A3xzs/8rQg==",
      "engines": {
        "node": ">=0.2.0"
      }
    }
  },
  "dependencies": {
    "json2toml": {
      "version": "4.0.0",
      "resolved": "https://registry.npmjs.org/json2toml/-/json2toml-4.0.0.tgz",
      "integrity": "sha512-L6QT9b2dsiS8xmW2u/iAr1dg9Ku6HpCF8NY0DyRXZdyxUU+CMOhrT4UzrUKV97gQSLz5ryrmuoxEhqd2MOyOLA==",
      "requires": {
        "lodash.isdate": "^4.0.1",
        "lodash.isempty": "^4.4.0",
        "lodash.isplainobject": "^4.0.6",
        "strftime": "^0.10.1"
      }
    },
    "lodash.isdate": {
      "version": "4.0.1",
      "resolved": "https://registry.npmjs.org/lodash.isdate/-/lodash.isdate-4.0.1.tgz",
      "integrity": "sha512-hg5B1GD+R9egsBgMwmAhk+V53Us03TVvXT4dnyKugEfsD4QKuG9Wlyvxq8OGy2nu7qVGsh4DRSnMk33hoWBq/Q=="
    },
    "lodash.isempty": {
      "version": "4.4.0",
      "resolved": "https://registry.npmjs.org/lodash.isempty/-/lodash.isempty-4.4.0.tgz",
      "integrity": "sha512-oKMuF3xEeqDltrGMfDxAPGIVMSSRv8tbRSODbrs4KGsRRLEhrW8N8Rd4DRgB2+621hY8A8XwwrTVhXWpxFvMzg=="
    },
    "lodash.isplainobject": {
      "version": "4.0.6",
      "resolved": "https://registry.npmjs.org/lodash.isplainobject/-/lodash.isplainobject-4.0.6.tgz",
      "integrity": "sha512-oSXzaWypCMHkPC3NvBEaPHf0KsA5mvPrOPgQWDsbg8n7orZ290M0BmC/jgRZ4vcJ6DTAhjrsSYgdsW/F+MFOBA=="
    },
    "strftime": {
      "version": "0.10.1",
      "resolved": "https://registry.npmjs.org/strftime/-/strftime-0.10.1.tgz",
      "integrity": "sha512-nVvH6JG8KlXFPC0f8lojLgEsPA18lRpLZ+RrJh/NkQV2tqOgZfbas8gcU8SFgnnqR3rWzZPYu6N2A3xzs/8rQg=="
    }
  }
}
